<?xml version="1.0" encoding="utf-8"?>
<Project ToolsVersion="4.0" xmlns="http://schemas.microsoft.com/developer/msbuild/2003">
  <ItemGroup>
    <Filter Include="Source Files">
      <UniqueIdentifier>{4FC737F1-C7A5-4376-A066-2A32D752A2FF}</UniqueIdentifier>
      <Extensions>cpp;c;cc;cxx;c++;cppm;ixx;def;odl;idl;hpj;bat;asm;asmx</Extensions>
    </Filter>
    <Filter Include="Source Files\Render">
      <UniqueIdentifier>{39a35f57-814d-4fdd-a374-286b61b875fb}</UniqueIdentifier>
    </Filter>
    <Filter Include="Source Files\Cannon">
      <UniqueIdentifier>{c9a69b0c-1e71-4222-8ebb-1163a59b8ecd}</UniqueIdentifier>
    </Filter>
    <Filter Include="Source Files\Projectile">
      <UniqueIdentifier>{53f7ff9f-0646-4403-8a38-eeace50694f1}</UniqueIdentifier>
    </Filter>
    <Filter Include="Source Files\GameObject">
      <UniqueIdentifier>{0b494982-f769-44bd-bdf7-a6cf8b59c021}</UniqueIdentifier>
    </Filter>
    <Filter Include="Source Files\AssetManager">
      <UniqueIdentifier>{635e2c1f-1412-46e5-b3d2-8ac1a199e4fa}</UniqueIdentifier>
    </Filter>
    <Filter Include="Source Files\Button">
      <UniqueIdentifier>{acbb8426-a71e-4bd6-bcbd-c0fda0318835}</UniqueIdentifier>
    </Filter>
    <Filter Include="Source Files\Text">
      <UniqueIdentifier>{9eac551c-7b8c-4af7-9af7-d18a69fc133d}</UniqueIdentifier>
    </Filter>
  </ItemGroup>
  <ItemGroup>
    <ClCompile Include="src\Main.cpp">
      <Filter>Source Files</Filter>
    </ClCompile>
    <ClCompile Include="src\Render\Render.cpp">
      <Filter>Source Files\Render</Filter>
    </ClCompile>
    <ClCompile Include="src\Cannon\Cannon.cpp">
      <Filter>Source Files\Cannon</Filter>
    </ClCompile>
    <ClCompile Include="src\Projectile\Projectile.cpp">
      <Filter>Source Files\Projectile</Filter>
    </ClCompile>
    <ClCompile Include="src\GameObject\GameObject.cpp">
      <Filter>Source Files\GameObject</Filter>
    </ClCompile>
    <ClCompile Include="src\AssetManager\AssetManager.cpp">
      <Filter>Source Files\AssetManager</Filter>
    </ClCompile>
    <ClCompile Include="src\Button\Button.cpp">
      <Filter>Source Files\Button</Filter>
    </ClCompile>
  </ItemGroup>
  <ItemGroup>
    <ClInclude Include="src\Render\Render.h">
      <Filter>Source Files\Render</Filter>
    </ClInclude>
    <ClInclude Include="src\Globals.h">
      <Filter>Source Files</Filter>
    </ClInclude>
    <ClInclude Include="src\Vec2.h">
      <Filter>Source Files</Filter>
    </ClInclude>
    <ClInclude Include="src\Cannon\Cannon.h">
      <Filter>Source Files\Cannon</Filter>
    </ClInclude>
    <ClInclude Include="src\Projectile\Projectile.h">
      <Filter>Source Files\Projectile</Filter>
    </ClInclude>
    <ClInclude Include="src\GameObject\GameObject.h">
      <Filter>Source Files\GameObject</Filter>
    </ClInclude>
    <ClInclude Include="src\AssetManager\AssetManager.h">
      <Filter>Source Files\AssetManager</Filter>
    </ClInclude>
    <ClInclude Include="src\Button\Button.h">
      <Filter>Source Files\Button</Filter>
    </ClInclude>
    <ClInclude Include="src\Text\Text.h">
      <Filter>Source Files\Text</Filter>
    </ClInclude>
  </ItemGroup>
</Project>